
Microsoft Visual Studio Solution File, Format Version 12.00
# Visual Studio Version 16
VisualStudioVersion = 16.0.28531.58
MinimumVisualStudioVersion = 10.0.40219.1
Project("{FAE04EC0-301F-11D3-BF4B-00C04F79EFBC}") = "ATOBS", "ATOBS.csproj", "{7013B3F7-030D-4D50-830B-1925F6992D07}"
EndProject
Global
	GlobalSection(SolutionConfigurationPlatforms) = preSolution
		Debug|Any CPU = Debug|Any CPU
		Release|Any CPU = Release|Any CPU
	EndGlobalSection
	GlobalSection(ProjectConfigurationPlatforms) = postSolution
		{7013B3F7-030D-4D50-830B-1925F6992D07}.Debug|Any CPU.ActiveCfg = Debug|Any CPU
		{7013B3F7-030D-4D50-830B-1925F6992D07}.Debug|Any CPU.Build.0 = Debug|Any CPU
		{7013B3F7-030D-4D50-830B-1925F6992D07}.Release|Any CPU.ActiveCfg = Release|Any CPU
		{7013B3F7-030D-4D50-830B-1925F6992D07}.Release|Any CPU.Build.0 = Release|Any CPU
	EndGlobalSection
	GlobalSection(SolutionProperties) = preSolution
		HideSolutionNode = FALSE
	EndGlobalSection
	GlobalSection(ExtensibilityGlobals) = postSolution
		SolutionGuid = {AC3F8F16-9D61-45F1-8D1C-D217EC41AB0E}
	EndGlobalSection
EndGlobal
