
Microsoft Visual Studio Solution File, Format Version 12.00
# Visual Studio Version 16
VisualStudioVersion = 16.0.28531.58
MinimumVisualStudioVersion = 10.0.40219.1
Project("{FAE04EC0-301F-11D3-BF4B-00C04F79EFBC}") = "YULEYF", "YULEYF.csproj", "{D79CA3C6-F9AE-404B-A12C-008BF416C09D}"
EndProject
Global
	GlobalSection(SolutionConfigurationPlatforms) = preSolution
		Debug|Any CPU = Debug|Any CPU
		Release|Any CPU = Release|Any CPU
	EndGlobalSection
	GlobalSection(ProjectConfigurationPlatforms) = postSolution
		{D79CA3C6-F9AE-404B-A12C-008BF416C09D}.Debug|Any CPU.ActiveCfg = Debug|Any CPU
		{D79CA3C6-F9AE-404B-A12C-008BF416C09D}.Debug|Any CPU.Build.0 = Debug|Any CPU
		{D79CA3C6-F9AE-404B-A12C-008BF416C09D}.Release|Any CPU.ActiveCfg = Release|Any CPU
		{D79CA3C6-F9AE-404B-A12C-008BF416C09D}.Release|Any CPU.Build.0 = Release|Any CPU
	EndGlobalSection
	GlobalSection(SolutionProperties) = preSolution
		HideSolutionNode = FALSE
	EndGlobalSection
	GlobalSection(ExtensibilityGlobals) = postSolution
		SolutionGuid = {CE4FE13B-75A2-4276-BB5A-398B2373134A}
	EndGlobalSection
EndGlobal
